
Microsoft Visual Studio Solution File, Format Version 12.00
# Visual Studio 15
VisualStudioVersion = 15.0.27130.2010
MinimumVisualStudioVersion = 10.0.40219.1
Project("{FAE04EC0-301F-11D3-BF4B-00C04F79EFBC}") = "My_Project", "My_Project\My_Project.csproj", "{8FE698E9-30CC-4A7B-B00E-D698F347E170}"
EndProject
Project("{FAE04EC0-301F-11D3-BF4B-00C04F79EFBC}") = "Project_management", "..\ProjectManagement\Project_management\Project_management.csproj", "{A61C7A78-161E-4110-B4EF-83E60D6D3AF6}"
EndProject
Global
	GlobalSection(SolutionConfigurationPlatforms) = preSolution
		Debug|Any CPU = Debug|Any CPU
		Release|Any CPU = Release|Any CPU
	EndGlobalSection
	GlobalSection(ProjectConfigurationPlatforms) = postSolution
		{8FE698E9-30CC-4A7B-B00E-D698F347E170}.Debug|Any CPU.ActiveCfg = Debug|Any CPU
		{8FE698E9-30CC-4A7B-B00E-D698F347E170}.Debug|Any CPU.Build.0 = Debug|Any CPU
		{8FE698E9-30CC-4A7B-B00E-D698F347E170}.Release|Any CPU.ActiveCfg = Release|Any CPU
		{8FE698E9-30CC-4A7B-B00E-D698F347E170}.Release|Any CPU.Build.0 = Release|Any CPU
		{A61C7A78-161E-4110-B4EF-83E60D6D3AF6}.Debug|Any CPU.ActiveCfg = Debug|Any CPU
		{A61C7A78-161E-4110-B4EF-83E60D6D3AF6}.Debug|Any CPU.Build.0 = Debug|Any CPU
		{A61C7A78-161E-4110-B4EF-83E60D6D3AF6}.Release|Any CPU.ActiveCfg = Release|Any CPU
		{A61C7A78-161E-4110-B4EF-83E60D6D3AF6}.Release|Any CPU.Build.0 = Release|Any CPU
	EndGlobalSection
	GlobalSection(SolutionProperties) = preSolution
		HideSolutionNode = FALSE
	EndGlobalSection
	GlobalSection(ExtensibilityGlobals) = postSolution
		SolutionGuid = {A0E99D53-02CE-40CA-B1E1-CC953EAE9688}
	EndGlobalSection
EndGlobal
